
Microsoft Visual Studio Solution File, Format Version 12.00
Project("{FAE04EC0-301F-11D3-BF4B-00C04F79EFBC}") = "UAR", "UAR\UAR.csproj", "{A3CA900B-8F92-4FE3-BFA6-784FCCA90BF5}"
EndProject
Global
	GlobalSection(SolutionConfigurationPlatforms) = preSolution
		Debug|Any CPU = Debug|Any CPU
		Release|Any CPU = Release|Any CPU
	EndGlobalSection
	GlobalSection(ProjectConfigurationPlatforms) = postSolution
		{A3CA900B-8F92-4FE3-BFA6-784FCCA90BF5}.Debug|Any CPU.ActiveCfg = Debug|Any CPU
		{A3CA900B-8F92-4FE3-BFA6-784FCCA90BF5}.Debug|Any CPU.Build.0 = Debug|Any CPU
		{A3CA900B-8F92-4FE3-BFA6-784FCCA90BF5}.Release|Any CPU.ActiveCfg = Release|Any CPU
		{A3CA900B-8F92-4FE3-BFA6-784FCCA90BF5}.Release|Any CPU.Build.0 = Release|Any CPU
	EndGlobalSection
EndGlobal
